
Microsoft Visual Studio Solution File, Format Version 12.00
# Visual Studio Version 17
VisualStudioVersion = 17.0.32112.339
MinimumVisualStudioVersion = 10.0.40219.1
Project("{FAE04EC0-301F-11D3-BF4B-00C04F79EFBC}") = "TexttoSpeechApp", "TexttoSpeechApp.csproj", "{DEF50B98-69C5-4C61-B32D-361FF5A538D1}"
EndProject
Global
	GlobalSection(SolutionConfigurationPlatforms) = preSolution
		Debug|Any CPU = Debug|Any CPU
		Release|Any CPU = Release|Any CPU
	EndGlobalSection
	GlobalSection(ProjectConfigurationPlatforms) = postSolution
		{DEF50B98-69C5-4C61-B32D-361FF5A538D1}.Debug|Any CPU.ActiveCfg = Debug|Any CPU
		{DEF50B98-69C5-4C61-B32D-361FF5A538D1}.Debug|Any CPU.Build.0 = Debug|Any CPU
		{DEF50B98-69C5-4C61-B32D-361FF5A538D1}.Release|Any CPU.ActiveCfg = Release|Any CPU
		{DEF50B98-69C5-4C61-B32D-361FF5A538D1}.Release|Any CPU.Build.0 = Release|Any CPU
	EndGlobalSection
	GlobalSection(SolutionProperties) = preSolution
		HideSolutionNode = FALSE
	EndGlobalSection
	GlobalSection(ExtensibilityGlobals) = postSolution
		SolutionGuid = {1C76E4CF-6752-48E9-BB86-59E12FC46135}
	EndGlobalSection
EndGlobal
